{
    "_readme": [
        "This file locks the dependencies of your project to a known state",
        "Read more about it at http://getcomposer.org/doc/01-basic-usage.md#composer-lock-the-lock-file",
        "This file is @generated automatically"
    ],
    "hash": "2ba85d3bf35b84e37bfa5e9d16079aa3",
    "packages": [
        {
            "name": "sorskod/db",
            "version": "v1.1.0",
            "source": {
                "type": "git",
                "url": "https://github.com/salebab/database.git",
                "reference": "529540240c5cefcaad94e156cc1a1a988c9375e4"
            },
            "dist": {
                "type": "zip",
                "url": "https://api.github.com/repos/salebab/database/zipball/529540240c5cefcaad94e156cc1a1a988c9375e4",
                "reference": "529540240c5cefcaad94e156cc1a1a988c9375e4",
                "shasum": ""
            },
            "require": {
                "php": ">=5.3.0"
            },
            "type": "library",
            "autoload": {
                "psr-0": {
                    "database\\": "src/"
                }
            },
            "notification-url": "https://packagist.org/downloads/",
            "license": [
                "MIT"
            ],
            "authors": [
                {
                    "name": "Aleksandar Babic",
                    "email": "salebab@gmail.com"
                }
            ],
            "description": "PDO wrapper. Extends PDO and PDOStatement with useful methods.",
            "keywords": [
                "database",
                "mysql",
                "pdo"
            ],
            "time": "2014-06-01 08:07:57"
        }
    ],
    "packages-dev": [],
    "aliases": [],
    "minimum-stability": "stable",
    "stability-flags": [],
    "prefer-stable": false,
    "platform": [],
    "platform-dev": []
}
